
Microsoft Visual Studio Solution File, Format Version 12.00
Project("{FAE04EC0-301F-11D3-BF4B-00C04F79EFBC}") = "FilenameCounter", "FilenameCounter\FilenameCounter.csproj", "{D0AE76A0-D162-4B45-867D-62A2DF3E8977}"
EndProject
Project("{FAE04EC0-301F-11D3-BF4B-00C04F79EFBC}") = "FilenameCounter.IntegrationTests", "FilenameCounter.IntegrationTests\FilenameCounter.IntegrationTests.csproj", "{6A2F47F9-1358-419E-ADBA-342E5B2A8448}"
EndProject
Global
	GlobalSection(SolutionConfigurationPlatforms) = preSolution
		Debug|Any CPU = Debug|Any CPU
		Release|Any CPU = Release|Any CPU
	EndGlobalSection
	GlobalSection(ProjectConfigurationPlatforms) = postSolution
		{D0AE76A0-D162-4B45-867D-62A2DF3E8977}.Debug|Any CPU.ActiveCfg = Debug|Any CPU
		{D0AE76A0-D162-4B45-867D-62A2DF3E8977}.Debug|Any CPU.Build.0 = Debug|Any CPU
		{D0AE76A0-D162-4B45-867D-62A2DF3E8977}.Release|Any CPU.ActiveCfg = Release|Any CPU
		{D0AE76A0-D162-4B45-867D-62A2DF3E8977}.Release|Any CPU.Build.0 = Release|Any CPU
		{6A2F47F9-1358-419E-ADBA-342E5B2A8448}.Debug|Any CPU.ActiveCfg = Debug|Any CPU
		{6A2F47F9-1358-419E-ADBA-342E5B2A8448}.Debug|Any CPU.Build.0 = Debug|Any CPU
		{6A2F47F9-1358-419E-ADBA-342E5B2A8448}.Release|Any CPU.ActiveCfg = Release|Any CPU
		{6A2F47F9-1358-419E-ADBA-342E5B2A8448}.Release|Any CPU.Build.0 = Release|Any CPU
	EndGlobalSection
EndGlobal
